<?xml version="1.0" encoding="utf-8"?>
<Project ToolsVersion="4.0" xmlns="http://schemas.microsoft.com/developer/msbuild/2003">
  <ItemGroup>
    <Filter Include="Source Files">
      <UniqueIdentifier>{4FC737F1-C7A5-4376-A066-2A32D752A2FF}</UniqueIdentifier>
      <Extensions>cpp;c;cc;cxx;def;odl;idl;hpj;bat;asm;asmx</Extensions>
    </Filter>
    <Filter Include="Header Files">
      <UniqueIdentifier>{93995380-89BD-4b04-88EB-625FBE52EBFB}</UniqueIdentifier>
      <Extensions>h;hh;hpp;hxx;hm;inl;inc;xsd</Extensions>
    </Filter>
    <Filter Include="Resource Files">
      <UniqueIdentifier>{67DA6AB6-F800-4c08-8B7A-83BB121AAD01}</UniqueIdentifier>
      <Extensions>rc;ico;cur;bmp;dlg;rc2;rct;bin;rgs;gif;jpg;jpeg;jpe;resx;tiff;tif;png;wav</Extensions>
    </Filter>
  </ItemGroup>
  <ItemGroup>
    <ClInclude Include="include\PDTetSolver.h">
      <Filter>Header Files</Filter>
    </ClInclude>
    <ClInclude Include="include\pdTetPhysics.h">
      <Filter>Header Files</Filter>
    </ClInclude>
    <ClInclude Include="include\Utilities.h">
      <Filter>Header Files</Filter>
    </ClInclude>
    <ClInclude Include="include\MergedLevelSet.h">
      <Filter>Header Files</Filter>
    </ClInclude>
    <ClInclude Include="PDDeformer\include\Add_Force.h">
      <Filter>Header Files</Filter>
    </ClInclude>
    <ClInclude Include="PDDeformer\include\CudaSolver.h">
      <Filter>Header Files</Filter>
    </ClInclude>
    <ClInclude Include="PDDeformer\include\CudaWrapper.h">
      <Filter>Header Files</Filter>
    </ClInclude>
    <ClInclude Include="PDDeformer\include\Discretization.h">
      <Filter>Header Files</Filter>
    </ClInclude>
    <ClInclude Include="PDDeformer\include\GridDeformerTet.h">
      <Filter>Header Files</Filter>
    </ClInclude>
    <ClInclude Include="PDDeformer\include\MKLWrapper.h">
      <Filter>Header Files</Filter>
    </ClInclude>
    <ClInclude Include="PDDeformer\include\PardisoWrapper.h">
      <Filter>Header Files</Filter>
    </ClInclude>
    <ClInclude Include="PDDeformer\include\PDConstraints.h">
      <Filter>Header Files</Filter>
    </ClInclude>
    <ClInclude Include="PDDeformer\include\ReshapeDataStructure.h">
      <Filter>Header Files</Filter>
    </ClInclude>
    <ClInclude Include="PDDeformer\include\SchurSolver.h">
      <Filter>Header Files</Filter>
    </ClInclude>
    <ClInclude Include="PDDeformer\include\Iterator.h">
      <Filter>Header Files</Filter>
    </ClInclude>
    <ClInclude Include="PDDeformer\include\SimulationFlags.h">
      <Filter>Header Files</Filter>
    </ClInclude>
    <ClInclude Include="PDDeformer\include\dumper.h">
      <Filter>Header Files</Filter>
    </ClInclude>
    <ClInclude Include="PDDeformer\include\Geometry.h">
      <Filter>Header Files</Filter>
    </ClInclude>
    <ClInclude Include="PDDeformer\include\Map.h">
      <Filter>Header Files</Filter>
    </ClInclude>
    <ClInclude Include="PDDeformer\include\Algebra.h">
      <Filter>Header Files</Filter>
    </ClInclude>
  </ItemGroup>
  <ItemGroup>
    <ClCompile Include="src\MergedLevelSet.cpp">
      <Filter>Source Files</Filter>
    </ClCompile>
    <ClCompile Include="src\PDTetSolver.cpp">
      <Filter>Source Files</Filter>
    </ClCompile>
    <ClCompile Include="PDDeformer\src\Add_Force.cpp">
      <Filter>Source Files</Filter>
    </ClCompile>
    <ClCompile Include="PDDeformer\src\CudaSolver.cpp">
      <Filter>Source Files</Filter>
    </ClCompile>
    <ClCompile Include="PDDeformer\src\GridDeformerTet.cpp">
      <Filter>Source Files</Filter>
    </ClCompile>
    <ClCompile Include="PDDeformer\src\PardisoWrapper.cpp">
      <Filter>Source Files</Filter>
    </ClCompile>
    <ClCompile Include="PDDeformer\src\ReshapeDataStructure.cpp">
      <Filter>Source Files</Filter>
    </ClCompile>
    <ClCompile Include="PDDeformer\src\SchurSolver.cpp">
      <Filter>Source Files</Filter>
    </ClCompile>
  </ItemGroup>
</Project>