
Microsoft Visual Studio Solution File, Format Version 12.00
# Visual Studio 15
VisualStudioVersion = 15.0.28307.852
MinimumVisualStudioVersion = 10.0.40219.1
Project("{8BC9CEB8-8B4A-11D0-8D11-00A0C91BC942}") = "gl3wGraphics", "gl3wGraphics.vcxproj", "{93FD1C29-F122-48B5-B86A-6BFA7379E503}"
EndProject
Global
	GlobalSection(SolutionConfigurationPlatforms) = preSolution
		Debug|x64 = Debug|x64
		Debug|x86 = Debug|x86
		Release|x64 = Release|x64
		Release|x86 = Release|x86
	EndGlobalSection
	GlobalSection(ProjectConfigurationPlatforms) = postSolution
		{93FD1C29-F122-48B5-B86A-6BFA7379E503}.Debug|x64.ActiveCfg = Debug|x64
		{93FD1C29-F122-48B5-B86A-6BFA7379E503}.Debug|x64.Build.0 = Debug|x64
		{93FD1C29-F122-48B5-B86A-6BFA7379E503}.Debug|x86.ActiveCfg = Debug|Win32
		{93FD1C29-F122-48B5-B86A-6BFA7379E503}.Debug|x86.Build.0 = Debug|Win32
		{93FD1C29-F122-48B5-B86A-6BFA7379E503}.Release|x64.ActiveCfg = Release|x64
		{93FD1C29-F122-48B5-B86A-6BFA7379E503}.Release|x64.Build.0 = Release|x64
		{93FD1C29-F122-48B5-B86A-6BFA7379E503}.Release|x86.ActiveCfg = Release|Win32
		{93FD1C29-F122-48B5-B86A-6BFA7379E503}.Release|x86.Build.0 = Release|Win32
	EndGlobalSection
	GlobalSection(SolutionProperties) = preSolution
		HideSolutionNode = FALSE
	EndGlobalSection
	GlobalSection(ExtensibilityGlobals) = postSolution
		SolutionGuid = {15DD84F1-FC37-487C-8D79-FA7BE15D94F9}
	EndGlobalSection
EndGlobal
