<?xml version="1.0" encoding="utf-8"?>
<Project ToolsVersion="4.0" xmlns="http://schemas.microsoft.com/developer/msbuild/2003">
  <ItemGroup>
    <Filter Include="Source Files">
      <UniqueIdentifier>{4FC737F1-C7A5-4376-A066-2A32D752A2FF}</UniqueIdentifier>
      <Extensions>cpp;c;cc;cxx;def;odl;idl;hpj;bat;asm;asmx</Extensions>
    </Filter>
    <Filter Include="Header Files">
      <UniqueIdentifier>{93995380-89BD-4b04-88EB-625FBE52EBFB}</UniqueIdentifier>
      <Extensions>h;hh;hpp;hxx;hm;inl;inc;xsd</Extensions>
    </Filter>
    <Filter Include="Resource Files">
      <UniqueIdentifier>{67DA6AB6-F800-4c08-8B7A-83BB121AAD01}</UniqueIdentifier>
      <Extensions>rc;ico;cur;bmp;dlg;rc2;rct;bin;rgs;gif;jpg;jpeg;jpe;resx;tiff;tif;png;wav</Extensions>
    </Filter>
  </ItemGroup>
  <ItemGroup>
    <ClCompile Include="kernels\matrix_times_matrix\Matrix_Times_Matrix.cpp">
      <Filter>Source Files</Filter>
    </ClCompile>
    <ClCompile Include="kernels\matrix_times_transpose\Matrix_Times_Transpose.cpp">
      <Filter>Source Files</Filter>
    </ClCompile>
    <ClCompile Include="kernels\singular_value_decomposition\Singular_Value_Decomposition.cpp">
      <Filter>Source Files</Filter>
    </ClCompile>
  </ItemGroup>
  <ItemGroup>
    <ClInclude Include="common\Constants.h">
      <Filter>Header Files</Filter>
    </ClInclude>
    <ClInclude Include="common\Discrete.h">
      <Filter>Header Files</Filter>
    </ClInclude>
    <ClInclude Include="common\KernelCommon.h">
      <Filter>Header Files</Filter>
    </ClInclude>
    <ClInclude Include="common\Mask.h">
      <Filter>Header Files</Filter>
    </ClInclude>
    <ClInclude Include="common\Mask.Scalar.h">
      <Filter>Header Files</Filter>
    </ClInclude>
    <ClInclude Include="common\Number.h">
      <Filter>Header Files</Filter>
    </ClInclude>
    <ClInclude Include="common\Number.Scalar.h">
      <Filter>Header Files</Filter>
    </ClInclude>
    <ClInclude Include="common\NumberPolicy.h">
      <Filter>Header Files</Filter>
    </ClInclude>
    <ClInclude Include="common\Vector3.h">
      <Filter>Header Files</Filter>
    </ClInclude>
    <ClInclude Include="common\arch\SIMDArchitectureScalar.h">
      <Filter>Header Files</Filter>
    </ClInclude>
    <ClInclude Include="common\arch\x86_64\Discrete.AVX2.h">
      <Filter>Header Files</Filter>
    </ClInclude>
    <ClInclude Include="common\arch\x86_64\Discrete.AVX512.h">
      <Filter>Header Files</Filter>
    </ClInclude>
    <ClInclude Include="common\arch\x86_64\Mask.AVX2.h">
      <Filter>Header Files</Filter>
    </ClInclude>
    <ClInclude Include="common\arch\x86_64\Mask.AVX512.h">
      <Filter>Header Files</Filter>
    </ClInclude>
    <ClInclude Include="common\arch\x86_64\Number.AVX2.h">
      <Filter>Header Files</Filter>
    </ClInclude>
    <ClInclude Include="common\arch\x86_64\Number.AVX512.h">
      <Filter>Header Files</Filter>
    </ClInclude>
    <ClInclude Include="common\arch\x86_64\SIMDArchitectureAVX2.h">
      <Filter>Header Files</Filter>
    </ClInclude>
    <ClInclude Include="common\arch\x86_64\SIMDArchitectureAVX512.h">
      <Filter>Header Files</Filter>
    </ClInclude>
    <ClInclude Include="kernels\matrix_times_matrix\Matrix_Times_Matrix.h">
      <Filter>Header Files</Filter>
    </ClInclude>
    <ClInclude Include="kernels\matrix_times_transpose\Matrix_Times_Transpose.h">
      <Filter>Header Files</Filter>
    </ClInclude>
    <ClInclude Include="kernels\singular_value_decomposition\Singular_Value_Decomposition.h">
      <Filter>Header Files</Filter>
    </ClInclude>
    <ClInclude Include="kernels\singular_value_decomposition\Singular_Value_Decomposition_Givens_QR_Factorization_Kernel.hpp">
      <Filter>Header Files</Filter>
    </ClInclude>
    <ClInclude Include="kernels\singular_value_decomposition\Singular_Value_Decomposition_Jacobi_Conjugation_Kernel.hpp">
      <Filter>Header Files</Filter>
    </ClInclude>
    <ClInclude Include="kernels\singular_value_decomposition\Singular_Value_Decomposition_Kernel_Declarations.hpp">
      <Filter>Header Files</Filter>
    </ClInclude>
    <ClInclude Include="kernels\singular_value_decomposition\Singular_Value_Decomposition_Main_Kernel_Body.hpp">
      <Filter>Header Files</Filter>
    </ClInclude>
    <ClInclude Include="references\matrix_times_matrix\Matrix_Times_Matrix_Reference.h">
      <Filter>Header Files</Filter>
    </ClInclude>
    <ClInclude Include="references\matrix_times_transpose\Matrix_Times_Transpose_Reference.h">
      <Filter>Header Files</Filter>
    </ClInclude>
    <ClInclude Include="references\singular_value_decomposition\Singular_Value_Decomposition_Reference.h">
      <Filter>Header Files</Filter>
    </ClInclude>
  </ItemGroup>
</Project>